{
  "name": "avalon",
  "version": "1.0.0",
  "lockfileVersion": 1,
  "dependencies": {
    "avalon2": {
      "version": "2.2.9",
      "resolved": "http://registry.npm.taobao.org/avalon2/download/avalon2-2.2.9.tgz",
      "integrity": "sha1-Ci8ZGfXTv7vL6O19HpinpMx2iuY="
    },
    "jquery": {
      "version": "1.12.4",
      "resolved": "http://registry.npm.taobao.org/jquery/download/jquery-1.12.4.tgz",
      "integrity": "sha1-AeHfuikP5z3rp3zurLD5ui/sngw="
    },
    "seajs": {
      "version": "2.3.0",
      "resolved": "http://registry.npm.taobao.org/seajs/download/seajs-2.3.0.tgz",
      "integrity": "sha1-+inQ/h/NQsAYoq61ZwcDVGBZbIs="
    }
  }
}
